{
  "dependencies": {
    "geojson-area": {
      "version": "0.2.0",
      "dependencies": {
        "wgs84": {
          "version": "0.0.0"
        }
      }
    },
    "geojson-length": {
      "version": "0.1.0"
    },
    "geojson-stats": {
      "version": "0.0.1",
      "dependencies": {
        "optimist": {
          "version": "0.6.1",
          "dependencies": {
            "wordwrap": {
              "version": "0.0.2"
            },
            "minimist": {
              "version": "0.0.10"
            }
          }
        },
        "concat-stream": {
          "version": "1.0.1",
          "dependencies": {
            "bops": {
              "version": "0.0.6",
              "dependencies": {
                "base64-js": {
                  "version": "0.0.2"
                },
                "to-utf8": {
                  "version": "0.0.1"
                }
              }
            }
          }
        },
        "cli-table": {
          "version": "git+https://github.com/tyrasd/cli-table.git#596a855c6644bb5f6756719f0b0b7031f154a14c",
          "dependencies": {
            "colors": {
              "version": "1.0.3"
            },
            "strip-combining-marks": {
              "version": "0.1.0"
            },
            "string-length": {
              "version": "1.0.0",
              "dependencies": {
                "strip-ansi": {
                  "version": "2.0.1",
                  "dependencies": {
                    "ansi-regex": {
                      "version": "1.1.1"
                    }
                  }
                }
              }
            }
          }
        },
        "geojson-area": {
          "version": "0.1.0",
          "dependencies": {
            "wgs84": {
              "version": "0.0.0"
            }
          }
        },
        "geojson-numeric": {
          "version": "0.1.0",
          "dependencies": {
            "optimist": {
              "version": "0.3.7",
              "dependencies": {
                "wordwrap": {
                  "version": "0.0.2"
                }
              }
            }
          }
        },
        "simple-statistics": {
          "version": "0.9.0"
        }
      }
    },
    "geojson-validation": {
      "version": "0.1.5"
    }
  }
}
